
Microsoft Visual Studio Solution File, Format Version 12.00
# Visual Studio Version 17
VisualStudioVersion = 17.9.34902.65
MinimumVisualStudioVersion = 10.0.40219.1
Project("{FAE04EC0-301F-11D3-BF4B-00C04F79EFBC}") = "ChallengeSprint2", "ChallengeSprint2\ChallengeSprint2.csproj", "{F1E7F3DB-4051-40C8-915C-8B0368F544F0}"
EndProject
Global
	GlobalSection(SolutionConfigurationPlatforms) = preSolution
		Debug|Any CPU = Debug|Any CPU
		Release|Any CPU = Release|Any CPU
	EndGlobalSection
	GlobalSection(ProjectConfigurationPlatforms) = postSolution
		{F1E7F3DB-4051-40C8-915C-8B0368F544F0}.Debug|Any CPU.ActiveCfg = Debug|Any CPU
		{F1E7F3DB-4051-40C8-915C-8B0368F544F0}.Debug|Any CPU.Build.0 = Debug|Any CPU
		{F1E7F3DB-4051-40C8-915C-8B0368F544F0}.Release|Any CPU.ActiveCfg = Release|Any CPU
		{F1E7F3DB-4051-40C8-915C-8B0368F544F0}.Release|Any CPU.Build.0 = Release|Any CPU
	EndGlobalSection
	GlobalSection(SolutionProperties) = preSolution
		HideSolutionNode = FALSE
	EndGlobalSection
	GlobalSection(ExtensibilityGlobals) = postSolution
		SolutionGuid = {E463818C-422A-4A94-A00A-785A589BDBFE}
	EndGlobalSection
EndGlobal
